// !$*UTF8*$!
{
	archiveVersion = 1;
	classes = {
	};
	objectVersion = 46;
	objects = {

/* Begin PBXBuildFile section */
		ABDF19709EE2057ED086F322 /* libPods-SIHomework.a in Frameworks */ = {isa = PBXBuildFile; fileRef = D1001B6B5296C8D20DCB032A /* libPods-SIHomework.a */; };
		C61F0F401C062FC600FDFE2E /* Main.storyboard in Resources */ = {isa = PBXBuildFile; fileRef = C61F0F3F1C062FC600FDFE2E /* Main.storyboard */; };
		C61F0F431C06328C00FDFE2E /* EventsController.m in Sources */ = {isa = PBXBuildFile; fileRef = C61F0F421C06328C00FDFE2E /* EventsController.m */; };
		C61F0F461C0636E600FDFE2E /* EventListTableViewController.m in Sources */ = {isa = PBXBuildFile; fileRef = C61F0F451C0636E600FDFE2E /* EventListTableViewController.m */; };
		C61F0F491C0658B200FDFE2E /* Event.m in Sources */ = {isa = PBXBuildFile; fileRef = C61F0F481C0658B200FDFE2E /* Event.m */; };
		C61F0F4D1C06D76B00FDFE2E /* EventTableViewCell.m in Sources */ = {isa = PBXBuildFile; fileRef = C61F0F4B1C06D76B00FDFE2E /* EventTableViewCell.m */; };
		EF5AD9651BFBC07300F1E208 /* main.m in Sources */ = {isa = PBXBuildFile; fileRef = EF5AD9641BFBC07300F1E208 /* main.m */; };
		EF5AD9701BFBC07300F1E208 /* Assets.xcassets in Resources */ = {isa = PBXBuildFile; fileRef = EF5AD96F1BFBC07300F1E208 /* Assets.xcassets */; };
		EF5AD97F1BFBC0AA00F1E208 /* AppDelegate.m in Sources */ = {isa = PBXBuildFile; fileRef = EF5AD97C1BFBC0AA00F1E208 /* AppDelegate.m */; };
/* End PBXBuildFile section */

/* Begin PBXFileReference section */
		2FB04C427BDE582E3BD98D4F /* Pods-SIHomework.release.xcconfig */ = {isa = PBXFileReference; includeInIndex = 1; lastKnownFileType = text.xcconfig; name = "Pods-SIHomework.release.xcconfig"; path = "Pods/Target Support Files/Pods-SIHomework/Pods-SIHomework.release.xcconfig"; sourceTree = "<group>"; };
		87D23BB4EE0262B81DEA8443 /* Pods-SIHomework.debug.xcconfig */ = {isa = PBXFileReference; includeInIndex = 1; lastKnownFileType = text.xcconfig; name = "Pods-SIHomework.debug.xcconfig"; path = "Pods/Target Support Files/Pods-SIHomework/Pods-SIHomework.debug.xcconfig"; sourceTree = "<group>"; };
		C61F0F3F1C062FC600FDFE2E /* Main.storyboard */ = {isa = PBXFileReference; fileEncoding = 4; lastKnownFileType = file.storyboard; name = Main.storyboard; path = SIHomework/Main.storyboard; sourceTree = SOURCE_ROOT; };
		C61F0F411C06328C00FDFE2E /* EventsController.h */ = {isa = PBXFileReference; fileEncoding = 4; lastKnownFileType = sourcecode.c.h; path = EventsController.h; sourceTree = "<group>"; };
		C61F0F421C06328C00FDFE2E /* EventsController.m */ = {isa = PBXFileReference; fileEncoding = 4; lastKnownFileType = sourcecode.c.objc; path = EventsController.m; sourceTree = "<group>"; };
		C61F0F441C0636E600FDFE2E /* EventListTableViewController.h */ = {isa = PBXFileReference; fileEncoding = 4; lastKnownFileType = sourcecode.c.h; path = EventListTableViewController.h; sourceTree = "<group>"; };
		C61F0F451C0636E600FDFE2E /* EventListTableViewController.m */ = {isa = PBXFileReference; fileEncoding = 4; lastKnownFileType = sourcecode.c.objc; path = EventListTableViewController.m; sourceTree = "<group>"; };
		C61F0F471C0658B200FDFE2E /* Event.h */ = {isa = PBXFileReference; fileEncoding = 4; lastKnownFileType = sourcecode.c.h; path = Event.h; sourceTree = "<group>"; };
		C61F0F481C0658B200FDFE2E /* Event.m */ = {isa = PBXFileReference; fileEncoding = 4; lastKnownFileType = sourcecode.c.objc; path = Event.m; sourceTree = "<group>"; };
		C61F0F4A1C06D76B00FDFE2E /* EventTableViewCell.h */ = {isa = PBXFileReference; fileEncoding = 4; lastKnownFileType = sourcecode.c.h; path = EventTableViewCell.h; sourceTree = "<group>"; };
		C61F0F4B1C06D76B00FDFE2E /* EventTableViewCell.m */ = {isa = PBXFileReference; fileEncoding = 4; lastKnownFileType = sourcecode.c.objc; path = EventTableViewCell.m; sourceTree = "<group>"; };
		D1001B6B5296C8D20DCB032A /* libPods-SIHomework.a */ = {isa = PBXFileReference; explicitFileType = archive.ar; includeInIndex = 0; path = "libPods-SIHomework.a"; sourceTree = BUILT_PRODUCTS_DIR; };
		EF5AD9601BFBC07300F1E208 /* SIHomework.app */ = {isa = PBXFileReference; explicitFileType = wrapper.application; includeInIndex = 0; path = SIHomework.app; sourceTree = BUILT_PRODUCTS_DIR; };
		EF5AD9641BFBC07300F1E208 /* main.m */ = {isa = PBXFileReference; lastKnownFileType = sourcecode.c.objc; path = main.m; sourceTree = "<group>"; };
		EF5AD96F1BFBC07300F1E208 /* Assets.xcassets */ = {isa = PBXFileReference; lastKnownFileType = folder.assetcatalog; path = Assets.xcassets; sourceTree = "<group>"; };
		EF5AD9741BFBC07300F1E208 /* Info.plist */ = {isa = PBXFileReference; lastKnownFileType = text.plist.xml; path = Info.plist; sourceTree = "<group>"; };
		EF5AD97B1BFBC0AA00F1E208 /* AppDelegate.h */ = {isa = PBXFileReference; fileEncoding = 4; lastKnownFileType = sourcecode.c.h; path = AppDelegate.h; sourceTree = "<group>"; };
		EF5AD97C1BFBC0AA00F1E208 /* AppDelegate.m */ = {isa = PBXFileReference; fileEncoding = 4; lastKnownFileType = sourcecode.c.objc; path = AppDelegate.m; sourceTree = "<group>"; };
/* End PBXFileReference section */

/* Begin PBXFrameworksBuildPhase section */
		EF5AD95D1BFBC07300F1E208 /* Frameworks */ = {
			isa = PBXFrameworksBuildPhase;
			buildActionMask = 2147483647;
			files = (
				ABDF19709EE2057ED086F322 /* libPods-SIHomework.a in Frameworks */,
			);
			runOnlyForDeploymentPostprocessing = 0;
		};
/* End PBXFrameworksBuildPhase section */

/* Begin PBXGroup section */
		51378D1904A6D42695E3344B /* Frameworks */ = {
			isa = PBXGroup;
			children = (
				D1001B6B5296C8D20DCB032A /* libPods-SIHomework.a */,
			);
			name = Frameworks;
			sourceTree = "<group>";
		};
		C61F0F4F1C06E7FD00FDFE2E /* ViewControllers */ = {
			isa = PBXGroup;
			children = (
				C61F0F441C0636E600FDFE2E /* EventListTableViewController.h */,
				C61F0F451C0636E600FDFE2E /* EventListTableViewController.m */,
			);
			name = ViewControllers;
			sourceTree = "<group>";
		};
		E852E7311A07A01FDAA830D6 /* Pods */ = {
			isa = PBXGroup;
			children = (
				87D23BB4EE0262B81DEA8443 /* Pods-SIHomework.debug.xcconfig */,
				2FB04C427BDE582E3BD98D4F /* Pods-SIHomework.release.xcconfig */,
			);
			name = Pods;
			sourceTree = "<group>";
		};
		EF5AD9571BFBC07300F1E208 = {
			isa = PBXGroup;
			children = (
				EF5AD9621BFBC07300F1E208 /* SIHomework */,
				EF5AD9611BFBC07300F1E208 /* Products */,
				E852E7311A07A01FDAA830D6 /* Pods */,
				51378D1904A6D42695E3344B /* Frameworks */,
			);
			sourceTree = "<group>";
		};
		EF5AD9611BFBC07300F1E208 /* Products */ = {
			isa = PBXGroup;
			children = (
				EF5AD9601BFBC07300F1E208 /* SIHomework.app */,
			);
			name = Products;
			sourceTree = "<group>";
		};
		EF5AD9621BFBC07300F1E208 /* SIHomework */ = {
			isa = PBXGroup;
			children = (
				EF5AD97A1BFBC0AA00F1E208 /* Source */,
				EF5AD9811BFBC0F500F1E208 /* Views */,
				EF5AD9631BFBC07300F1E208 /* Supporting Files */,
			);
			path = SIHomework;
			sourceTree = "<group>";
		};
		EF5AD9631BFBC07300F1E208 /* Supporting Files */ = {
			isa = PBXGroup;
			children = (
				EF5AD96F1BFBC07300F1E208 /* Assets.xcassets */,
				EF5AD9741BFBC07300F1E208 /* Info.plist */,
				EF5AD9641BFBC07300F1E208 /* main.m */,
			);
			name = "Supporting Files";
			sourceTree = "<group>";
		};
		EF5AD97A1BFBC0AA00F1E208 /* Source */ = {
			isa = PBXGroup;
			children = (
				C61F0F4F1C06E7FD00FDFE2E /* ViewControllers */,
				EF5AD97B1BFBC0AA00F1E208 /* AppDelegate.h */,
				EF5AD97C1BFBC0AA00F1E208 /* AppDelegate.m */,
				C61F0F4A1C06D76B00FDFE2E /* EventTableViewCell.h */,
				C61F0F4B1C06D76B00FDFE2E /* EventTableViewCell.m */,
				C61F0F411C06328C00FDFE2E /* EventsController.h */,
				C61F0F421C06328C00FDFE2E /* EventsController.m */,
				C61F0F471C0658B200FDFE2E /* Event.h */,
				C61F0F481C0658B200FDFE2E /* Event.m */,
			);
			path = Source;
			sourceTree = "<group>";
		};
		EF5AD9811BFBC0F500F1E208 /* Views */ = {
			isa = PBXGroup;
			children = (
				C61F0F3F1C062FC600FDFE2E /* Main.storyboard */,
			);
			path = Views;
			sourceTree = "<group>";
		};
/* End PBXGroup section */

/* Begin PBXNativeTarget section */
		EF5AD95F1BFBC07300F1E208 /* SIHomework */ = {
			isa = PBXNativeTarget;
			buildConfigurationList = EF5AD9771BFBC07300F1E208 /* Build configuration list for PBXNativeTarget "SIHomework" */;
			buildPhases = (
				DEB06610C57F30703C190C2A /* Check Pods Manifest.lock */,
				EF5AD95C1BFBC07300F1E208 /* Sources */,
				EF5AD95D1BFBC07300F1E208 /* Frameworks */,
				EF5AD95E1BFBC07300F1E208 /* Resources */,
				CEBA5F5E51ED0688E318B60F /* Copy Pods Resources */,
				5AFCA1FA7E0D95A33979FF10 /* Embed Pods Frameworks */,
			);
			buildRules = (
			);
			dependencies = (
			);
			name = SIHomework;
			productName = SIHomework;
			productReference = EF5AD9601BFBC07300F1E208 /* SIHomework.app */;
			productType = "com.apple.product-type.application";
		};
/* End PBXNativeTarget section */

/* Begin PBXProject section */
		EF5AD9581BFBC07300F1E208 /* Project object */ = {
			isa = PBXProject;
			attributes = {
				LastUpgradeCheck = 0710;
				ORGANIZATIONNAME = "Sporting Innovations";
				TargetAttributes = {
					EF5AD95F1BFBC07300F1E208 = {
						CreatedOnToolsVersion = 7.1.1;
					};
				};
			};
			buildConfigurationList = EF5AD95B1BFBC07300F1E208 /* Build configuration list for PBXProject "SIHomework" */;
			compatibilityVersion = "Xcode 3.2";
			developmentRegion = English;
			hasScannedForEncodings = 0;
			knownRegions = (
				en,
				Base,
			);
			mainGroup = EF5AD9571BFBC07300F1E208;
			productRefGroup = EF5AD9611BFBC07300F1E208 /* Products */;
			projectDirPath = "";
			projectRoot = "";
			targets = (
				EF5AD95F1BFBC07300F1E208 /* SIHomework */,
			);
		};
/* End PBXProject section */

/* Begin PBXResourcesBuildPhase section */
		EF5AD95E1BFBC07300F1E208 /* Resources */ = {
			isa = PBXResourcesBuildPhase;
			buildActionMask = 2147483647;
			files = (
				C61F0F401C062FC600FDFE2E /* Main.storyboard in Resources */,
				EF5AD9701BFBC07300F1E208 /* Assets.xcassets in Resources */,
			);
			runOnlyForDeploymentPostprocessing = 0;
		};
/* End PBXResourcesBuildPhase section */

/* Begin PBXShellScriptBuildPhase section */
		5AFCA1FA7E0D95A33979FF10 /* Embed Pods Frameworks */ = {
			isa = PBXShellScriptBuildPhase;
			buildActionMask = 2147483647;
			files = (
			);
			inputPaths = (
			);
			name = "Embed Pods Frameworks";
			outputPaths = (
			);
			runOnlyForDeploymentPostprocessing = 0;
			shellPath = /bin/sh;
			shellScript = "\"${SRCROOT}/Pods/Target Support Files/Pods-SIHomework/Pods-SIHomework-frameworks.sh\"\n";
			showEnvVarsInLog = 0;
		};
		CEBA5F5E51ED0688E318B60F /* Copy Pods Resources */ = {
			isa = PBXShellScriptBuildPhase;
			buildActionMask = 2147483647;
			files = (
			);
			inputPaths = (
			);
			name = "Copy Pods Resources";
			outputPaths = (
			);
			runOnlyForDeploymentPostprocessing = 0;
			shellPath = /bin/sh;
			shellScript = "\"${SRCROOT}/Pods/Target Support Files/Pods-SIHomework/Pods-SIHomework-resources.sh\"\n";
			showEnvVarsInLog = 0;
		};
		DEB06610C57F30703C190C2A /* Check Pods Manifest.lock */ = {
			isa = PBXShellScriptBuildPhase;
			buildActionMask = 2147483647;
			files = (
			);
			inputPaths = (
			);
			name = "Check Pods Manifest.lock";
			outputPaths = (
			);
			runOnlyForDeploymentPostprocessing = 0;
			shellPath = /bin/sh;
			shellScript = "diff \"${PODS_ROOT}/../Podfile.lock\" \"${PODS_ROOT}/Manifest.lock\" > /dev/null\nif [[ $? != 0 ]] ; then\n    cat << EOM\nerror: The sandbox is not in sync with the Podfile.lock. Run 'pod install' or update your CocoaPods installation.\nEOM\n    exit 1\nfi\n";
			showEnvVarsInLog = 0;
		};
/* End PBXShellScriptBuildPhase section */

/* Begin PBXSourcesBuildPhase section */
		EF5AD95C1BFBC07300F1E208 /* Sources */ = {
			isa = PBXSourcesBuildPhase;
			buildActionMask = 2147483647;
			files = (
				EF5AD97F1BFBC0AA00F1E208 /* AppDelegate.m in Sources */,
				C61F0F431C06328C00FDFE2E /* EventsController.m in Sources */,
				C61F0F4D1C06D76B00FDFE2E /* EventTableViewCell.m in Sources */,
				C61F0F491C0658B200FDFE2E /* Event.m in Sources */,
				C61F0F461C0636E600FDFE2E /* EventListTableViewController.m in Sources */,
				EF5AD9651BFBC07300F1E208 /* main.m in Sources */,
			);
			runOnlyForDeploymentPostprocessing = 0;
		};
/* End PBXSourcesBuildPhase section */

/* Begin XCBuildConfiguration section */
		EF5AD9751BFBC07300F1E208 /* Debug */ = {
			isa = XCBuildConfiguration;
			buildSettings = {
				ALWAYS_SEARCH_USER_PATHS = NO;
				CLANG_CXX_LANGUAGE_STANDARD = "gnu++0x";
				CLANG_CXX_LIBRARY = "libc++";
				CLANG_ENABLE_MODULES = YES;
				CLANG_ENABLE_OBJC_ARC = YES;
				CLANG_WARN_BOOL_CONVERSION = YES;
				CLANG_WARN_CONSTANT_CONVERSION = YES;
				CLANG_WARN_DIRECT_OBJC_ISA_USAGE = YES_ERROR;
				CLANG_WARN_EMPTY_BODY = YES;
				CLANG_WARN_ENUM_CONVERSION = YES;
				CLANG_WARN_INT_CONVERSION = YES;
				CLANG_WARN_OBJC_ROOT_CLASS = YES_ERROR;
				CLANG_WARN_UNREACHABLE_CODE = YES;
				CLANG_WARN__DUPLICATE_METHOD_MATCH = YES;
				"CODE_SIGN_IDENTITY[sdk=iphoneos*]" = "iPhone Developer";
				COPY_PHASE_STRIP = NO;
				DEBUG_INFORMATION_FORMAT = dwarf;
				ENABLE_STRICT_OBJC_MSGSEND = YES;
				ENABLE_TESTABILITY = YES;
				GCC_C_LANGUAGE_STANDARD = gnu99;
				GCC_DYNAMIC_NO_PIC = NO;
				GCC_NO_COMMON_BLOCKS = YES;
				GCC_OPTIMIZATION_LEVEL = 0;
				GCC_PREPROCESSOR_DEFINITIONS = (
					"DEBUG=1",
					"$(inherited)",
				);
				GCC_WARN_64_TO_32_BIT_CONVERSION = YES;
				GCC_WARN_ABOUT_RETURN_TYPE = YES_ERROR;
				GCC_WARN_UNDECLARED_SELECTOR = YES;
				GCC_WARN_UNINITIALIZED_AUTOS = YES_AGGRESSIVE;
				GCC_WARN_UNUSED_FUNCTION = YES;
				GCC_WARN_UNUSED_VARIABLE = YES;
				IPHONEOS_DEPLOYMENT_TARGET = 9.1;
				MTL_ENABLE_DEBUG_INFO = YES;
				ONLY_ACTIVE_ARCH = YES;
				SDKROOT = iphoneos;
			};
			name = Debug;
		};
		EF5AD9761BFBC07300F1E208 /* Release */ = {
			isa = XCBuildConfiguration;
			buildSettings = {
				ALWAYS_SEARCH_USER_PATHS = NO;
				CLANG_CXX_LANGUAGE_STANDARD = "gnu++0x";
				CLANG_CXX_LIBRARY = "libc++";
				CLANG_ENABLE_MODULES = YES;
				CLANG_ENABLE_OBJC_ARC = YES;
				CLANG_WARN_BOOL_CONVERSION = YES;
				CLANG_WARN_CONSTANT_CONVERSION = YES;
				CLANG_WARN_DIRECT_OBJC_ISA_USAGE = YES_ERROR;
				CLANG_WARN_EMPTY_BODY = YES;
				CLANG_WARN_ENUM_CONVERSION = YES;
				CLANG_WARN_INT_CONVERSION = YES;
				CLANG_WARN_OBJC_ROOT_CLASS = YES_ERROR;
				CLANG_WARN_UNREACHABLE_CODE = YES;
				CLANG_WARN__DUPLICATE_METHOD_MATCH = YES;
				"CODE_SIGN_IDENTITY[sdk=iphoneos*]" = "iPhone Developer";
				COPY_PHASE_STRIP = NO;
				DEBUG_INFORMATION_FORMAT = "dwarf-with-dsym";
				ENABLE_NS_ASSERTIONS = NO;
				ENABLE_STRICT_OBJC_MSGSEND = YES;
				GCC_C_LANGUAGE_STANDARD = gnu99;
				GCC_NO_COMMON_BLOCKS = YES;
				GCC_WARN_64_TO_32_BIT_CONVERSION = YES;
				GCC_WARN_ABOUT_RETURN_TYPE = YES_ERROR;
				GCC_WARN_UNDECLARED_SELECTOR = YES;
				GCC_WARN_UNINITIALIZED_AUTOS = YES_AGGRESSIVE;
				GCC_WARN_UNUSED_FUNCTION = YES;
				GCC_WARN_UNUSED_VARIABLE = YES;
				IPHONEOS_DEPLOYMENT_TARGET = 9.1;
				MTL_ENABLE_DEBUG_INFO = NO;
				SDKROOT = iphoneos;
				VALIDATE_PRODUCT = YES;
			};
			name = Release;
		};
		EF5AD9781BFBC07300F1E208 /* Debug */ = {
			isa = XCBuildConfiguration;
			baseConfigurationReference = 87D23BB4EE0262B81DEA8443 /* Pods-SIHomework.debug.xcconfig */;
			buildSettings = {
				ASSETCATALOG_COMPILER_APPICON_NAME = AppIcon;
				INFOPLIST_FILE = SIHomework/Info.plist;
				LD_RUNPATH_SEARCH_PATHS = "$(inherited) @executable_path/Frameworks";
				PRODUCT_BUNDLE_IDENTIFIER = com.sportinginnovations.SIHW.SIHomework;
				PRODUCT_NAME = "$(TARGET_NAME)";
			};
			name = Debug;
		};
		EF5AD9791BFBC07300F1E208 /* Release */ = {
			isa = XCBuildConfiguration;
			baseConfigurationReference = 2FB04C427BDE582E3BD98D4F /* Pods-SIHomework.release.xcconfig */;
			buildSettings = {
				ASSETCATALOG_COMPILER_APPICON_NAME = AppIcon;
				INFOPLIST_FILE = SIHomework/Info.plist;
				LD_RUNPATH_SEARCH_PATHS = "$(inherited) @executable_path/Frameworks";
				PRODUCT_BUNDLE_IDENTIFIER = com.sportinginnovations.SIHW.SIHomework;
				PRODUCT_NAME = "$(TARGET_NAME)";
			};
			name = Release;
		};
/* End XCBuildConfiguration section */

/* Begin XCConfigurationList section */
		EF5AD95B1BFBC07300F1E208 /* Build configuration list for PBXProject "SIHomework" */ = {
			isa = XCConfigurationList;
			buildConfigurations = (
				EF5AD9751BFBC07300F1E208 /* Debug */,
				EF5AD9761BFBC07300F1E208 /* Release */,
			);
			defaultConfigurationIsVisible = 0;
			defaultConfigurationName = Release;
		};
		EF5AD9771BFBC07300F1E208 /* Build configuration list for PBXNativeTarget "SIHomework" */ = {
			isa = XCConfigurationList;
			buildConfigurations = (
				EF5AD9781BFBC07300F1E208 /* Debug */,
				EF5AD9791BFBC07300F1E208 /* Release */,
			);
			defaultConfigurationIsVisible = 0;
			defaultConfigurationName = Release;
		};
/* End XCConfigurationList section */
	};
	rootObject = EF5AD9581BFBC07300F1E208 /* Project object */;
}
